GEM
  remote: https://rubygems.org/
  specs:
    bigdecimal (4.1.0)
    byebug (12.0.0)
    diff-lcs (1.6.2)
    ffi (1.17.4)
    ffi (1.17.4-arm64-darwin)
    ffi (1.17.4-x86_64-darwin)
    html_slice (0.2.4)
    listen (3.10.0)
      logger
      rb-fsevent (~> 0.10, >= 0.10.3)
      rb-inotify (~> 0.9, >= 0.9.10)
    logger (1.7.0)
    mini_portile2 (2.8.9)
    passenger (6.1.2)
      logger (>= 1.7.0)
      rack (>= 1.6.13)
      rackup (>= 1.0.1)
      rake (>= 12.3.3)
    rack (3.2.6)
    rackup (2.3.1)
      rack (>= 3)
    rake (13.3.1)
    rb-fsevent (0.11.2)
    rb-inotify (0.11.1)
      ffi (~> 1.0)
    rerun (0.14.0)
      listen (~> 3.0)
    roda (3.102.0)
      rack
    rspec (3.13.2)
      rspec-core (~> 3.13.0)
      rspec-expectations (~> 3.13.0)
      rspec-mocks (~> 3.13.0)
    rspec-core (3.13.6)
      rspec-support (~> 3.13.0)
    rspec-expectations (3.13.5)
      diff-lcs (>= 1.2.0, < 2.0)
      rspec-support (~> 3.13.0)
    rspec-mocks (3.13.8)
      diff-lcs (>= 1.2.0, < 2.0)
      rspec-support (~> 3.13.0)
    rspec-support (3.13.7)
    sequel (5.103.0)
      bigdecimal
    sqlite3 (2.8.1)
      mini_portile2 (~> 2.8.0)
    sqlite3 (2.8.1-arm64-darwin)
    sqlite3 (2.8.1-x86_64-darwin)
    zeitwerk (2.6.18)

PLATFORMS
  arm64-darwin
  ruby
  x86_64-darwin
  x86_64-linux

DEPENDENCIES
  byebug
  html_slice
  passenger (>= 5.3.2)
  rerun
  roda
  rspec
  sequel
  sqlite3
  zeitwerk

BUNDLED WITH
   2.6.6
